// !$*UTF8*$!
{
	archiveVersion = 1;
	classes = {
	};
	objectVersion = 48;
	objects = {

/* Begin PBXBuildFile section */
		2B36305F1FF56BD9002469E5 /* AppDelegate.swift in Sources */ = {isa = PBXBuildFile; fileRef = 2B36305E1FF56BD9002469E5 /* AppDelegate.swift */; };
		2B3630611FF56BD9002469E5 /* ACHomeViewController.swift in Sources */ = {isa = PBXBuildFile; fileRef = 2B3630601FF56BD9002469E5 /* ACHomeViewController.swift */; };
		2B3630641FF56BD9002469E5 /* Main.storyboard in Resources */ = {isa = PBXBuildFile; fileRef = 2B3630621FF56BD9002469E5 /* Main.storyboard */; };
		2B3630691FF56BD9002469E5 /* LaunchScreen.storyboard in Resources */ = {isa = PBXBuildFile; fileRef = 2B3630671FF56BD9002469E5 /* LaunchScreen.storyboard */; };
		2B878E09203356CB0010B549 /* ProximaNova.ttf in Resources */ = {isa = PBXBuildFile; fileRef = 2B878E07203356CB0010B549 /* ProximaNova.ttf */; };
		2BEFD14F1FF5820E0094572A /* GoogleService-Info.plist in Resources */ = {isa = PBXBuildFile; fileRef = 2BEFD14E1FF5820E0094572A /* GoogleService-Info.plist */; };
		718D7CFE064244CE70BEECAF /* Pods_AuthenticiOS.framework in Frameworks */ = {isa = PBXBuildFile; fileRef = AB7EE5EFB0782B2DC076E74F /* Pods_AuthenticiOS.framework */; };
		FC03C28120B76BD300D15490 /* EffraRegular.ttf in Resources */ = {isa = PBXBuildFile; fileRef = FC03C28020B7637D00D15490 /* EffraRegular.ttf */; };
		FC03C28320B79FA800D15490 /* ACHomePageViewController.swift in Sources */ = {isa = PBXBuildFile; fileRef = FC03C28220B79FA800D15490 /* ACHomePageViewController.swift */; };
		FC03C28520B8770900D15490 /* ACTabCollectionViewController.swift in Sources */ = {isa = PBXBuildFile; fileRef = FC03C28420B8770900D15490 /* ACTabCollectionViewController.swift */; };
		FC03C28820B8778600D15490 /* ACCollectionViewCell.swift in Sources */ = {isa = PBXBuildFile; fileRef = FC03C28620B8778600D15490 /* ACCollectionViewCell.swift */; };
		FC03C28920B8778600D15490 /* ACCollectionViewCell.xib in Resources */ = {isa = PBXBuildFile; fileRef = FC03C28720B8778600D15490 /* ACCollectionViewCell.xib */; };
		FC09989A1FFEA74E00BCAD3A /* full.png in Resources */ = {isa = PBXBuildFile; fileRef = FC0998991FFEA74D00BCAD3A /* full.png */; };
		FC1045051FFEF5560010F8A1 /* Assets.xcassets in Resources */ = {isa = PBXBuildFile; fileRef = FC1045041FFEF5560010F8A1 /* Assets.xcassets */; };
		FC16001C1FFC4BD6001DF3B5 /* ACTabViewController.swift in Sources */ = {isa = PBXBuildFile; fileRef = FC16001A1FFC4BD6001DF3B5 /* ACTabViewController.swift */; };
		FC16001D1FFC4BD6001DF3B5 /* ACTabViewController.xib in Resources */ = {isa = PBXBuildFile; fileRef = FC16001B1FFC4BD6001DF3B5 /* ACTabViewController.xib */; };
		FC2765D820E02122002A342A /* Settings.bundle in Resources */ = {isa = PBXBuildFile; fileRef = FC2765D720E02122002A342A /* Settings.bundle */; };
		FC490DD2202BA1F4007F270A /* AuthenticElement.swift in Sources */ = {isa = PBXBuildFile; fileRef = FC490DD1202BA1F4007F270A /* AuthenticElement.swift */; };
		FC490DD4202BA7FE007F270A /* Utilities.swift in Sources */ = {isa = PBXBuildFile; fileRef = FC490DD3202BA7FE007F270A /* Utilities.swift */; };
		FC4CD2A120FE8FA70096ED0D /* ACTextCollectionViewCell.xib in Resources */ = {isa = PBXBuildFile; fileRef = FC4CD2A020FE8FA60096ED0D /* ACTextCollectionViewCell.xib */; };
		FC4CD2A320FE94430096ED0D /* ACTextCollectionViewCell.swift in Sources */ = {isa = PBXBuildFile; fileRef = FC4CD2A220FE94430096ED0D /* ACTextCollectionViewCell.swift */; };
		FC565D102001395B00DE7C9A /* AuthenticTab.swift in Sources */ = {isa = PBXBuildFile; fileRef = FC565D0F2001395B00DE7C9A /* AuthenticTab.swift */; };
		FC565D1420013AB600DE7C9A /* AuthenticButtonInfo.swift in Sources */ = {isa = PBXBuildFile; fileRef = FC565D1320013AB600DE7C9A /* AuthenticButtonInfo.swift */; };
		FC565D1620013ACE00DE7C9A /* AuthenticButtonAction.swift in Sources */ = {isa = PBXBuildFile; fileRef = FC565D1520013ACE00DE7C9A /* AuthenticButtonAction.swift */; };
		FC5BF9BC208D18A7002982F1 /* ACEventViewController.swift in Sources */ = {isa = PBXBuildFile; fileRef = FC5BF9BA208D18A7002982F1 /* ACEventViewController.swift */; };
		FC5BF9BD208D18A7002982F1 /* ACEventViewController.xib in Resources */ = {isa = PBXBuildFile; fileRef = FC5BF9BB208D18A7002982F1 /* ACEventViewController.xib */; };
		FC5BF9C2209D0238002982F1 /* ACAboutViewController.swift in Sources */ = {isa = PBXBuildFile; fileRef = FC5BF9C0209D0238002982F1 /* ACAboutViewController.swift */; };
		FC5BF9C3209D0238002982F1 /* ACAboutViewController.xib in Resources */ = {isa = PBXBuildFile; fileRef = FC5BF9C1209D0238002982F1 /* ACAboutViewController.xib */; };
		FC5D1436208B7C3B00B0E63E /* AuthenticAppearance.swift in Sources */ = {isa = PBXBuildFile; fileRef = FC5D1435208B7C3B00B0E63E /* AuthenticAppearance.swift */; };
		FC5F914320D1731000516095 /* ACCollectionViewLayout.swift in Sources */ = {isa = PBXBuildFile; fileRef = FC5F914220D1731000516095 /* ACCollectionViewLayout.swift */; };
		FC5F914520D7FB9800516095 /* ImageResource.swift in Sources */ = {isa = PBXBuildFile; fileRef = FC5F914420D7FB9700516095 /* ImageResource.swift */; };
		FC5F914720D94FB700516095 /* ACEventCollectionViewController.swift in Sources */ = {isa = PBXBuildFile; fileRef = FC5F914620D94FB700516095 /* ACEventCollectionViewController.swift */; };
		FCAD5C12208624CC0010B5C9 /* AuthenticEvent.swift in Sources */ = {isa = PBXBuildFile; fileRef = FCAD5C11208624CC0010B5C9 /* AuthenticEvent.swift */; };
		FCAD5C14208628FF0010B5C9 /* RecurrenceRule.swift in Sources */ = {isa = PBXBuildFile; fileRef = FCAD5C13208628FF0010B5C9 /* RecurrenceRule.swift */; };
		FCBD36FA20BC93160066ED19 /* ACLivestreamCollectionViewCell.swift in Sources */ = {isa = PBXBuildFile; fileRef = FCBD36F820BC93160066ED19 /* ACLivestreamCollectionViewCell.swift */; };
		FCBD36FB20BC93160066ED19 /* ACLivestreamCollectionViewCell.xib in Resources */ = {isa = PBXBuildFile; fileRef = FCBD36F920BC93160066ED19 /* ACLivestreamCollectionViewCell.xib */; };
		FCF184102102123700C9E37A /* ACVideoLinkView.xib in Resources */ = {isa = PBXBuildFile; fileRef = FCF1840F2102123700C9E37A /* ACVideoLinkView.xib */; };
		FCF18412210216EF00C9E37A /* ACVideoLinkView.swift in Sources */ = {isa = PBXBuildFile; fileRef = FCF18411210216EF00C9E37A /* ACVideoLinkView.swift */; };
		FCFE5CAD20FD24A5009B95F3 /* EffraBold.ttf in Resources */ = {isa = PBXBuildFile; fileRef = FCFE5CAC20FD24A3009B95F3 /* EffraBold.ttf */; };
/* End PBXBuildFile section */

/* Begin PBXFileReference section */
		0C168D5313CD165C58402880 /* Pods-AuthenticiOS.debug.xcconfig */ = {isa = PBXFileReference; includeInIndex = 1; lastKnownFileType = text.xcconfig; name = "Pods-AuthenticiOS.debug.xcconfig"; path = "Pods/Target Support Files/Pods-AuthenticiOS/Pods-AuthenticiOS.debug.xcconfig"; sourceTree = "<group>"; };
		11F6289D97D1BDCAD109DD5C /* Pods-AuthenticiOS.release.xcconfig */ = {isa = PBXFileReference; includeInIndex = 1; lastKnownFileType = text.xcconfig; name = "Pods-AuthenticiOS.release.xcconfig"; path = "Pods/Target Support Files/Pods-AuthenticiOS/Pods-AuthenticiOS.release.xcconfig"; sourceTree = "<group>"; };
		2B36305B1FF56BD9002469E5 /* AuthenticiOS.app */ = {isa = PBXFileReference; explicitFileType = wrapper.application; includeInIndex = 0; path = AuthenticiOS.app; sourceTree = BUILT_PRODUCTS_DIR; };
		2B36305E1FF56BD9002469E5 /* AppDelegate.swift */ = {isa = PBXFileReference; lastKnownFileType = sourcecode.swift; path = AppDelegate.swift; sourceTree = "<group>"; };
		2B3630601FF56BD9002469E5 /* ACHomeViewController.swift */ = {isa = PBXFileReference; lastKnownFileType = sourcecode.swift; path = ACHomeViewController.swift; sourceTree = "<group>"; };
		2B3630631FF56BD9002469E5 /* Base */ = {isa = PBXFileReference; lastKnownFileType = file.storyboard; name = Base; path = Base.lproj/Main.storyboard; sourceTree = "<group>"; };
		2B3630681FF56BD9002469E5 /* Base */ = {isa = PBXFileReference; lastKnownFileType = file.storyboard; name = Base; path = Base.lproj/LaunchScreen.storyboard; sourceTree = "<group>"; };
		2B36306A1FF56BD9002469E5 /* Info.plist */ = {isa = PBXFileReference; lastKnownFileType = text.plist.xml; path = Info.plist; sourceTree = "<group>"; };
		2B878E07203356CB0010B549 /* ProximaNova.ttf */ = {isa = PBXFileReference; lastKnownFileType = file; path = ProximaNova.ttf; sourceTree = "<group>"; };
		2BEFD14E1FF5820E0094572A /* GoogleService-Info.plist */ = {isa = PBXFileReference; fileEncoding = 4; lastKnownFileType = text.plist.xml; path = "GoogleService-Info.plist"; sourceTree = "<group>"; };
		AB7EE5EFB0782B2DC076E74F /* Pods_AuthenticiOS.framework */ = {isa = PBXFileReference; explicitFileType = wrapper.framework; includeInIndex = 0; path = Pods_AuthenticiOS.framework; sourceTree = BUILT_PRODUCTS_DIR; };
		FC03C28020B7637D00D15490 /* EffraRegular.ttf */ = {isa = PBXFileReference; lastKnownFileType = file; path = EffraRegular.ttf; sourceTree = "<group>"; };
		FC03C28220B79FA800D15490 /* ACHomePageViewController.swift */ = {isa = PBXFileReference; lastKnownFileType = sourcecode.swift; path = ACHomePageViewController.swift; sourceTree = "<group>"; };
		FC03C28420B8770900D15490 /* ACTabCollectionViewController.swift */ = {isa = PBXFileReference; lastKnownFileType = sourcecode.swift; path = ACTabCollectionViewController.swift; sourceTree = "<group>"; };
		FC03C28620B8778600D15490 /* ACCollectionViewCell.swift */ = {isa = PBXFileReference; lastKnownFileType = sourcecode.swift; path = ACCollectionViewCell.swift; sourceTree = "<group>"; };
		FC03C28720B8778600D15490 /* ACCollectionViewCell.xib */ = {isa = PBXFileReference; lastKnownFileType = file.xib; path = ACCollectionViewCell.xib; sourceTree = "<group>"; };
		FC0998991FFEA74D00BCAD3A /* full.png */ = {isa = PBXFileReference; lastKnownFileType = image.png; path = full.png; sourceTree = "<group>"; };
		FC1045041FFEF5560010F8A1 /* Assets.xcassets */ = {isa = PBXFileReference; lastKnownFileType = folder.assetcatalog; path = Assets.xcassets; sourceTree = "<group>"; };
		FC16001A1FFC4BD6001DF3B5 /* ACTabViewController.swift */ = {isa = PBXFileReference; lastKnownFileType = sourcecode.swift; path = ACTabViewController.swift; sourceTree = "<group>"; };
		FC16001B1FFC4BD6001DF3B5 /* ACTabViewController.xib */ = {isa = PBXFileReference; lastKnownFileType = file.xib; path = ACTabViewController.xib; sourceTree = "<group>"; };
		FC2765D720E02122002A342A /* Settings.bundle */ = {isa = PBXFileReference; lastKnownFileType = "wrapper.plug-in"; path = Settings.bundle; sourceTree = "<group>"; };
		FC490DD1202BA1F4007F270A /* AuthenticElement.swift */ = {isa = PBXFileReference; lastKnownFileType = sourcecode.swift; path = AuthenticElement.swift; sourceTree = "<group>"; };
		FC490DD3202BA7FE007F270A /* Utilities.swift */ = {isa = PBXFileReference; lastKnownFileType = sourcecode.swift; path = Utilities.swift; sourceTree = "<group>"; };
		FC4CD2A020FE8FA60096ED0D /* ACTextCollectionViewCell.xib */ = {isa = PBXFileReference; lastKnownFileType = file.xib; path = ACTextCollectionViewCell.xib; sourceTree = "<group>"; };
		FC4CD2A220FE94430096ED0D /* ACTextCollectionViewCell.swift */ = {isa = PBXFileReference; lastKnownFileType = sourcecode.swift; path = ACTextCollectionViewCell.swift; sourceTree = "<group>"; };
		FC565D0A200118A400DE7C9A /* AuthenticiOS.entitlements */ = {isa = PBXFileReference; lastKnownFileType = text.plist.entitlements; path = AuthenticiOS.entitlements; sourceTree = "<group>"; };
		FC565D0F2001395B00DE7C9A /* AuthenticTab.swift */ = {isa = PBXFileReference; lastKnownFileType = sourcecode.swift; path = AuthenticTab.swift; sourceTree = "<group>"; };
		FC565D1320013AB600DE7C9A /* AuthenticButtonInfo.swift */ = {isa = PBXFileReference; lastKnownFileType = sourcecode.swift; path = AuthenticButtonInfo.swift; sourceTree = "<group>"; };
		FC565D1520013ACE00DE7C9A /* AuthenticButtonAction.swift */ = {isa = PBXFileReference; lastKnownFileType = sourcecode.swift; path = AuthenticButtonAction.swift; sourceTree = "<group>"; };
		FC5BF9BA208D18A7002982F1 /* ACEventViewController.swift */ = {isa = PBXFileReference; lastKnownFileType = sourcecode.swift; path = ACEventViewController.swift; sourceTree = "<group>"; };
		FC5BF9BB208D18A7002982F1 /* ACEventViewController.xib */ = {isa = PBXFileReference; lastKnownFileType = file.xib; path = ACEventViewController.xib; sourceTree = "<group>"; };
		FC5BF9C0209D0238002982F1 /* ACAboutViewController.swift */ = {isa = PBXFileReference; lastKnownFileType = sourcecode.swift; path = ACAboutViewController.swift; sourceTree = "<group>"; };
		FC5BF9C1209D0238002982F1 /* ACAboutViewController.xib */ = {isa = PBXFileReference; lastKnownFileType = file.xib; path = ACAboutViewController.xib; sourceTree = "<group>"; };
		FC5D1435208B7C3B00B0E63E /* AuthenticAppearance.swift */ = {isa = PBXFileReference; lastKnownFileType = sourcecode.swift; path = AuthenticAppearance.swift; sourceTree = "<group>"; };
		FC5F914220D1731000516095 /* ACCollectionViewLayout.swift */ = {isa = PBXFileReference; lastKnownFileType = sourcecode.swift; path = ACCollectionViewLayout.swift; sourceTree = "<group>"; };
		FC5F914420D7FB9700516095 /* ImageResource.swift */ = {isa = PBXFileReference; lastKnownFileType = sourcecode.swift; path = ImageResource.swift; sourceTree = "<group>"; };
		FC5F914620D94FB700516095 /* ACEventCollectionViewController.swift */ = {isa = PBXFileReference; lastKnownFileType = sourcecode.swift; path = ACEventCollectionViewController.swift; sourceTree = "<group>"; };
		FCAD5C11208624CC0010B5C9 /* AuthenticEvent.swift */ = {isa = PBXFileReference; lastKnownFileType = sourcecode.swift; path = AuthenticEvent.swift; sourceTree = "<group>"; };
		FCAD5C13208628FF0010B5C9 /* RecurrenceRule.swift */ = {isa = PBXFileReference; lastKnownFileType = sourcecode.swift; path = RecurrenceRule.swift; sourceTree = "<group>"; };
		FCBD36F820BC93160066ED19 /* ACLivestreamCollectionViewCell.swift */ = {isa = PBXFileReference; lastKnownFileType = sourcecode.swift; path = ACLivestreamCollectionViewCell.swift; sourceTree = "<group>"; };
		FCBD36F920BC93160066ED19 /* ACLivestreamCollectionViewCell.xib */ = {isa = PBXFileReference; lastKnownFileType = file.xib; path = ACLivestreamCollectionViewCell.xib; sourceTree = "<group>"; };
		FCF1840F2102123700C9E37A /* ACVideoLinkView.xib */ = {isa = PBXFileReference; lastKnownFileType = file.xib; path = ACVideoLinkView.xib; sourceTree = "<group>"; };
		FCF18411210216EF00C9E37A /* ACVideoLinkView.swift */ = {isa = PBXFileReference; lastKnownFileType = sourcecode.swift; path = ACVideoLinkView.swift; sourceTree = "<group>"; };
		FCFE5CAC20FD24A3009B95F3 /* EffraBold.ttf */ = {isa = PBXFileReference; lastKnownFileType = file; path = EffraBold.ttf; sourceTree = "<group>"; };
/* End PBXFileReference section */

/* Begin PBXFrameworksBuildPhase section */
		2B3630581FF56BD9002469E5 /* Frameworks */ = {
			isa = PBXFrameworksBuildPhase;
			buildActionMask = 2147483647;
			files = (
				718D7CFE064244CE70BEECAF /* Pods_AuthenticiOS.framework in Frameworks */,
			);
			runOnlyForDeploymentPostprocessing = 0;
		};
/* End PBXFrameworksBuildPhase section */

/* Begin PBXGroup section */
		2B3630521FF56BD9002469E5 = {
			isa = PBXGroup;
			children = (
				FC2765D720E02122002A342A /* Settings.bundle */,
				2B36305D1FF56BD9002469E5 /* AuthenticiOS */,
				2B36305C1FF56BD9002469E5 /* Products */,
				CDA5531FB7C4A05049C194ED /* Pods */,
				D713E328DEDE543234A2AF5A /* Frameworks */,
			);
			sourceTree = "<group>";
		};
		2B36305C1FF56BD9002469E5 /* Products */ = {
			isa = PBXGroup;
			children = (
				2B36305B1FF56BD9002469E5 /* AuthenticiOS.app */,
			);
			name = Products;
			sourceTree = "<group>";
		};
		2B36305D1FF56BD9002469E5 /* AuthenticiOS */ = {
			isa = PBXGroup;
			children = (
				FCFE5CAC20FD24A3009B95F3 /* EffraBold.ttf */,
				FC5F914120D172D600516095 /* Layouts */,
				FCBD36F720BC902E0066ED19 /* User Interfaces */,
				FCBD36F620BC8C280066ED19 /* View Controllers */,
				FCBD36F520BC8BF40066ED19 /* Cells */,
				FC565D0E2001394A00DE7C9A /* Models */,
				2B878E07203356CB0010B549 /* ProximaNova.ttf */,
				FC03C28020B7637D00D15490 /* EffraRegular.ttf */,
				2B36305E1FF56BD9002469E5 /* AppDelegate.swift */,
				FC1045041FFEF5560010F8A1 /* Assets.xcassets */,
				FC565D0A200118A400DE7C9A /* AuthenticiOS.entitlements */,
				FC0998991FFEA74D00BCAD3A /* full.png */,
				2BEFD14E1FF5820E0094572A /* GoogleService-Info.plist */,
				2B36306A1FF56BD9002469E5 /* Info.plist */,
				FC490DD3202BA7FE007F270A /* Utilities.swift */,
			);
			path = AuthenticiOS;
			sourceTree = "<group>";
		};
		CDA5531FB7C4A05049C194ED /* Pods */ = {
			isa = PBXGroup;
			children = (
				0C168D5313CD165C58402880 /* Pods-AuthenticiOS.debug.xcconfig */,
				11F6289D97D1BDCAD109DD5C /* Pods-AuthenticiOS.release.xcconfig */,
			);
			name = Pods;
			sourceTree = "<group>";
		};
		D713E328DEDE543234A2AF5A /* Frameworks */ = {
			isa = PBXGroup;
			children = (
				AB7EE5EFB0782B2DC076E74F /* Pods_AuthenticiOS.framework */,
			);
			name = Frameworks;
			sourceTree = "<group>";
		};
		FC565D0E2001394A00DE7C9A /* Models */ = {
			isa = PBXGroup;
			children = (
				FC565D0F2001395B00DE7C9A /* AuthenticTab.swift */,
				FC565D1320013AB600DE7C9A /* AuthenticButtonInfo.swift */,
				FC565D1520013ACE00DE7C9A /* AuthenticButtonAction.swift */,
				FC490DD1202BA1F4007F270A /* AuthenticElement.swift */,
				FCAD5C11208624CC0010B5C9 /* AuthenticEvent.swift */,
				FCAD5C13208628FF0010B5C9 /* RecurrenceRule.swift */,
				FC5D1435208B7C3B00B0E63E /* AuthenticAppearance.swift */,
				FC5F914420D7FB9700516095 /* ImageResource.swift */,
			);
			path = Models;
			sourceTree = "<group>";
		};
		FC5F914120D172D600516095 /* Layouts */ = {
			isa = PBXGroup;
			children = (
				FC5F914220D1731000516095 /* ACCollectionViewLayout.swift */,
			);
			path = Layouts;
			sourceTree = "<group>";
		};
		FCBD36F520BC8BF40066ED19 /* Cells */ = {
			isa = PBXGroup;
			children = (
				FCBD36F820BC93160066ED19 /* ACLivestreamCollectionViewCell.swift */,
				FC03C28620B8778600D15490 /* ACCollectionViewCell.swift */,
				FC4CD2A220FE94430096ED0D /* ACTextCollectionViewCell.swift */,
				FCF18411210216EF00C9E37A /* ACVideoLinkView.swift */,
			);
			path = Cells;
			sourceTree = "<group>";
		};
		FCBD36F620BC8C280066ED19 /* View Controllers */ = {
			isa = PBXGroup;
			children = (
				FC03C28420B8770900D15490 /* ACTabCollectionViewController.swift */,
				FC03C28220B79FA800D15490 /* ACHomePageViewController.swift */,
				2B3630601FF56BD9002469E5 /* ACHomeViewController.swift */,
				FC5BF9C0209D0238002982F1 /* ACAboutViewController.swift */,
				FC16001A1FFC4BD6001DF3B5 /* ACTabViewController.swift */,
				FC5BF9BA208D18A7002982F1 /* ACEventViewController.swift */,
				FC5F914620D94FB700516095 /* ACEventCollectionViewController.swift */,
			);
			path = "View Controllers";
			sourceTree = "<group>";
		};
		FCBD36F720BC902E0066ED19 /* User Interfaces */ = {
			isa = PBXGroup;
			children = (
				FC03C28720B8778600D15490 /* ACCollectionViewCell.xib */,
				FC5BF9C1209D0238002982F1 /* ACAboutViewController.xib */,
				FC16001B1FFC4BD6001DF3B5 /* ACTabViewController.xib */,
				FC5BF9BB208D18A7002982F1 /* ACEventViewController.xib */,
				2B3630671FF56BD9002469E5 /* LaunchScreen.storyboard */,
				2B3630621FF56BD9002469E5 /* Main.storyboard */,
				FCBD36F920BC93160066ED19 /* ACLivestreamCollectionViewCell.xib */,
				FC4CD2A020FE8FA60096ED0D /* ACTextCollectionViewCell.xib */,
				FCF1840F2102123700C9E37A /* ACVideoLinkView.xib */,
			);
			path = "User Interfaces";
			sourceTree = "<group>";
		};
/* End PBXGroup section */

/* Begin PBXNativeTarget section */
		2B36305A1FF56BD9002469E5 /* AuthenticiOS */ = {
			isa = PBXNativeTarget;
			buildConfigurationList = 2B36306D1FF56BD9002469E5 /* Build configuration list for PBXNativeTarget "AuthenticiOS" */;
			buildPhases = (
				B2FF5E8F1C0C4FFA7869C496 /* [CP] Check Pods Manifest.lock */,
				2B3630571FF56BD9002469E5 /* Sources */,
				2B3630581FF56BD9002469E5 /* Frameworks */,
				2B3630591FF56BD9002469E5 /* Resources */,
				8C4A9A9EB35FCD77EB3576B1 /* [CP] Embed Pods Frameworks */,
				FC746D0B20BDD08200D0ACB3 /* ShellScript */,
				FCBEC4F920C40AD7008A5050 /* ShellScript */,
			);
			buildRules = (
			);
			dependencies = (
			);
			name = AuthenticiOS;
			productName = AuthenticiOS;
			productReference = 2B36305B1FF56BD9002469E5 /* AuthenticiOS.app */;
			productType = "com.apple.product-type.application";
		};
/* End PBXNativeTarget section */

/* Begin PBXProject section */
		2B3630531FF56BD9002469E5 /* Project object */ = {
			isa = PBXProject;
			attributes = {
				LastSwiftUpdateCheck = 0920;
				LastUpgradeCheck = 0940;
				ORGANIZATIONNAME = "Greg Whatley";
				TargetAttributes = {
					2B36305A1FF56BD9002469E5 = {
						CreatedOnToolsVersion = 9.2;
						LastSwiftMigration = 1000;
						ProvisioningStyle = Automatic;
						SystemCapabilities = {
							com.apple.BackgroundModes = {
								enabled = 1;
							};
							com.apple.Push = {
								enabled = 1;
							};
						};
					};
				};
			};
			buildConfigurationList = 2B3630561FF56BD9002469E5 /* Build configuration list for PBXProject "AuthenticiOS" */;
			compatibilityVersion = "Xcode 8.0";
			developmentRegion = en;
			hasScannedForEncodings = 0;
			knownRegions = (
				en,
				Base,
			);
			mainGroup = 2B3630521FF56BD9002469E5;
			productRefGroup = 2B36305C1FF56BD9002469E5 /* Products */;
			projectDirPath = "";
			projectRoot = "";
			targets = (
				2B36305A1FF56BD9002469E5 /* AuthenticiOS */,
			);
		};
/* End PBXProject section */

/* Begin PBXResourcesBuildPhase section */
		2B3630591FF56BD9002469E5 /* Resources */ = {
			isa = PBXResourcesBuildPhase;
			buildActionMask = 2147483647;
			files = (
				FC03C28920B8778600D15490 /* ACCollectionViewCell.xib in Resources */,
				FC5BF9BD208D18A7002982F1 /* ACEventViewController.xib in Resources */,
				FC2765D820E02122002A342A /* Settings.bundle in Resources */,
				FC03C28120B76BD300D15490 /* EffraRegular.ttf in Resources */,
				2B878E09203356CB0010B549 /* ProximaNova.ttf in Resources */,
				2B3630691FF56BD9002469E5 /* LaunchScreen.storyboard in Resources */,
				FCBD36FB20BC93160066ED19 /* ACLivestreamCollectionViewCell.xib in Resources */,
				FC09989A1FFEA74E00BCAD3A /* full.png in Resources */,
				FCF184102102123700C9E37A /* ACVideoLinkView.xib in Resources */,
				FC16001D1FFC4BD6001DF3B5 /* ACTabViewController.xib in Resources */,
				FC1045051FFEF5560010F8A1 /* Assets.xcassets in Resources */,
				FC5BF9C3209D0238002982F1 /* ACAboutViewController.xib in Resources */,
				FC4CD2A120FE8FA70096ED0D /* ACTextCollectionViewCell.xib in Resources */,
				2BEFD14F1FF5820E0094572A /* GoogleService-Info.plist in Resources */,
				FCFE5CAD20FD24A5009B95F3 /* EffraBold.ttf in Resources */,
				2B3630641FF56BD9002469E5 /* Main.storyboard in Resources */,
			);
			runOnlyForDeploymentPostprocessing = 0;
		};
/* End PBXResourcesBuildPhase section */

/* Begin PBXShellScriptBuildPhase section */
		8C4A9A9EB35FCD77EB3576B1 /* [CP] Embed Pods Frameworks */ = {
			isa = PBXShellScriptBuildPhase;
			buildActionMask = 2147483647;
			files = (
			);
			inputPaths = (
				"${SRCROOT}/Pods/Target Support Files/Pods-AuthenticiOS/Pods-AuthenticiOS-frameworks.sh",
				"${BUILT_PRODUCTS_DIR}/GTMSessionFetcher/GTMSessionFetcher.framework",
				"${BUILT_PRODUCTS_DIR}/GoogleToolboxForMac/GoogleToolboxForMac.framework",
				"${BUILT_PRODUCTS_DIR}/Protobuf/Protobuf.framework",
				"${BUILT_PRODUCTS_DIR}/SDWebImage/SDWebImage.framework",
				"${BUILT_PRODUCTS_DIR}/leveldb-library/leveldb.framework",
				"${BUILT_PRODUCTS_DIR}/nanopb/nanopb.framework",
			);
			name = "[CP] Embed Pods Frameworks";
			outputPaths = (
				"${TARGET_BUILD_DIR}/${FRAMEWORKS_FOLDER_PATH}/GTMSessionFetcher.framework",
				"${TARGET_BUILD_DIR}/${FRAMEWORKS_FOLDER_PATH}/GoogleToolboxForMac.framework",
				"${TARGET_BUILD_DIR}/${FRAMEWORKS_FOLDER_PATH}/Protobuf.framework",
				"${TARGET_BUILD_DIR}/${FRAMEWORKS_FOLDER_PATH}/SDWebImage.framework",
				"${TARGET_BUILD_DIR}/${FRAMEWORKS_FOLDER_PATH}/leveldb.framework",
				"${TARGET_BUILD_DIR}/${FRAMEWORKS_FOLDER_PATH}/nanopb.framework",
			);
			runOnlyForDeploymentPostprocessing = 0;
			shellPath = /bin/sh;
			shellScript = "\"${SRCROOT}/Pods/Target Support Files/Pods-AuthenticiOS/Pods-AuthenticiOS-frameworks.sh\"\n";
			showEnvVarsInLog = 0;
		};
		B2FF5E8F1C0C4FFA7869C496 /* [CP] Check Pods Manifest.lock */ = {
			isa = PBXShellScriptBuildPhase;
			buildActionMask = 2147483647;
			files = (
			);
			inputPaths = (
				"${PODS_PODFILE_DIR_PATH}/Podfile.lock",
				"${PODS_ROOT}/Manifest.lock",
			);
			name = "[CP] Check Pods Manifest.lock";
			outputPaths = (
				"$(DERIVED_FILE_DIR)/Pods-AuthenticiOS-checkManifestLockResult.txt",
			);
			runOnlyForDeploymentPostprocessing = 0;
			shellPath = /bin/sh;
			shellScript = "diff \"${PODS_PODFILE_DIR_PATH}/Podfile.lock\" \"${PODS_ROOT}/Manifest.lock\" > /dev/null\nif [ $? != 0 ] ; then\n    # print error to STDERR\n    echo \"error: The sandbox is not in sync with the Podfile.lock. Run 'pod install' or update your CocoaPods installation.\" >&2\n    exit 1\nfi\n# This output is used by Xcode 'outputs' to avoid re-running this script phase.\necho \"SUCCESS\" > \"${SCRIPT_OUTPUT_FILE_0}\"\n";
			showEnvVarsInLog = 0;
		};
		FC746D0B20BDD08200D0ACB3 /* ShellScript */ = {
			isa = PBXShellScriptBuildPhase;
			buildActionMask = 2147483647;
			files = (
			);
			inputPaths = (
			);
			outputPaths = (
			);
			runOnlyForDeploymentPostprocessing = 0;
			shellPath = /bin/sh;
			shellScript = "\"${PODS_ROOT}/Fabric/run\"";
		};
		FCBEC4F920C40AD7008A5050 /* ShellScript */ = {
			isa = PBXShellScriptBuildPhase;
			buildActionMask = 2147483647;
			files = (
			);
			inputPaths = (
			);
			outputPaths = (
			);
			runOnlyForDeploymentPostprocessing = 0;
			shellPath = /bin/sh;
			shellScript = "\"${PODS_ROOT}/Fabric/upload-symbols\" -gsp \"${PROJECT_DIR}/AuthenticiOS/GoogleService-Info.plist\" -p ios \"${DWARF_DSYM_FOLDER_PATH}/${DWARF_DSYM_FILE_NAME}\"";
		};
/* End PBXShellScriptBuildPhase section */

/* Begin PBXSourcesBuildPhase section */
		2B3630571FF56BD9002469E5 /* Sources */ = {
			isa = PBXSourcesBuildPhase;
			buildActionMask = 2147483647;
			files = (
				FC5F914320D1731000516095 /* ACCollectionViewLayout.swift in Sources */,
				FCAD5C14208628FF0010B5C9 /* RecurrenceRule.swift in Sources */,
				FC03C28320B79FA800D15490 /* ACHomePageViewController.swift in Sources */,
				FC5F914520D7FB9800516095 /* ImageResource.swift in Sources */,
				FCBD36FA20BC93160066ED19 /* ACLivestreamCollectionViewCell.swift in Sources */,
				FC565D102001395B00DE7C9A /* AuthenticTab.swift in Sources */,
				FC565D1420013AB600DE7C9A /* AuthenticButtonInfo.swift in Sources */,
				FC5D1436208B7C3B00B0E63E /* AuthenticAppearance.swift in Sources */,
				FCF18412210216EF00C9E37A /* ACVideoLinkView.swift in Sources */,
				FC4CD2A320FE94430096ED0D /* ACTextCollectionViewCell.swift in Sources */,
				FC5BF9C2209D0238002982F1 /* ACAboutViewController.swift in Sources */,
				FC03C28520B8770900D15490 /* ACTabCollectionViewController.swift in Sources */,
				2B3630611FF56BD9002469E5 /* ACHomeViewController.swift in Sources */,
				2B36305F1FF56BD9002469E5 /* AppDelegate.swift in Sources */,
				FC5BF9BC208D18A7002982F1 /* ACEventViewController.swift in Sources */,
				FC565D1620013ACE00DE7C9A /* AuthenticButtonAction.swift in Sources */,
				FC490DD2202BA1F4007F270A /* AuthenticElement.swift in Sources */,
				FC16001C1FFC4BD6001DF3B5 /* ACTabViewController.swift in Sources */,
				FC03C28820B8778600D15490 /* ACCollectionViewCell.swift in Sources */,
				FC490DD4202BA7FE007F270A /* Utilities.swift in Sources */,
				FC5F914720D94FB700516095 /* ACEventCollectionViewController.swift in Sources */,
				FCAD5C12208624CC0010B5C9 /* AuthenticEvent.swift in Sources */,
			);
			runOnlyForDeploymentPostprocessing = 0;
		};
/* End PBXSourcesBuildPhase section */

/* Begin PBXVariantGroup section */
		2B3630621FF56BD9002469E5 /* Main.storyboard */ = {
			isa = PBXVariantGroup;
			children = (
				2B3630631FF56BD9002469E5 /* Base */,
			);
			name = Main.storyboard;
			sourceTree = "<group>";
		};
		2B3630671FF56BD9002469E5 /* LaunchScreen.storyboard */ = {
			isa = PBXVariantGroup;
			children = (
				2B3630681FF56BD9002469E5 /* Base */,
			);
			name = LaunchScreen.storyboard;
			sourceTree = "<group>";
		};
/* End PBXVariantGroup section */

/* Begin XCBuildConfiguration section */
		2B36306B1FF56BD9002469E5 /* Debug */ = {
			isa = XCBuildConfiguration;
			buildSettings = {
				ALWAYS_SEARCH_USER_PATHS = NO;
				CLANG_ANALYZER_NONNULL = YES;
				CLANG_ANALYZER_NUMBER_OBJECT_CONVERSION = YES_AGGRESSIVE;
				CLANG_CXX_LANGUAGE_STANDARD = "gnu++14";
				CLANG_CXX_LIBRARY = "libc++";
				CLANG_ENABLE_MODULES = YES;
				CLANG_ENABLE_OBJC_ARC = YES;
				CLANG_WARN_BLOCK_CAPTURE_AUTORELEASING = YES;
				CLANG_WARN_BOOL_CONVERSION = YES;
				CLANG_WARN_COMMA = YES;
				CLANG_WARN_CONSTANT_CONVERSION = YES;
				CLANG_WARN_DEPRECATED_OBJC_IMPLEMENTATIONS = YES;
				CLANG_WARN_DIRECT_OBJC_ISA_USAGE = YES_ERROR;
				CLANG_WARN_DOCUMENTATION_COMMENTS = YES;
				CLANG_WARN_EMPTY_BODY = YES;
				CLANG_WARN_ENUM_CONVERSION = YES;
				CLANG_WARN_INFINITE_RECURSION = YES;
				CLANG_WARN_INT_CONVERSION = YES;
				CLANG_WARN_NON_LITERAL_NULL_CONVERSION = YES;
				CLANG_WARN_OBJC_IMPLICIT_RETAIN_SELF = YES;
				CLANG_WARN_OBJC_LITERAL_CONVERSION = YES;
				CLANG_WARN_OBJC_ROOT_CLASS = YES_ERROR;
				CLANG_WARN_RANGE_LOOP_ANALYSIS = YES;
				CLANG_WARN_STRICT_PROTOTYPES = YES;
				CLANG_WARN_SUSPICIOUS_MOVE = YES;
				CLANG_WARN_UNGUARDED_AVAILABILITY = YES_AGGRESSIVE;
				CLANG_WARN_UNREACHABLE_CODE = YES;
				CLANG_WARN__DUPLICATE_METHOD_MATCH = YES;
				CODE_SIGN_IDENTITY = "iPhone Developer";
				COPY_PHASE_STRIP = NO;
				DEBUG_INFORMATION_FORMAT = "dwarf-with-dsym";
				ENABLE_STRICT_OBJC_MSGSEND = YES;
				ENABLE_TESTABILITY = YES;
				GCC_C_LANGUAGE_STANDARD = gnu11;
				GCC_DYNAMIC_NO_PIC = NO;
				GCC_NO_COMMON_BLOCKS = YES;
				GCC_OPTIMIZATION_LEVEL = 0;
				GCC_PREPROCESSOR_DEFINITIONS = (
					"DEBUG=1",
					"$(inherited)",
				);
				GCC_WARN_64_TO_32_BIT_CONVERSION = YES;
				GCC_WARN_ABOUT_RETURN_TYPE = YES_ERROR;
				GCC_WARN_UNDECLARED_SELECTOR = YES;
				GCC_WARN_UNINITIALIZED_AUTOS = YES_AGGRESSIVE;
				GCC_WARN_UNUSED_FUNCTION = YES;
				GCC_WARN_UNUSED_VARIABLE = YES;
				IPHONEOS_DEPLOYMENT_TARGET = 11.4;
				MTL_ENABLE_DEBUG_INFO = YES;
				ONLY_ACTIVE_ARCH = YES;
				SDKROOT = iphoneos;
				SWIFT_ACTIVE_COMPILATION_CONDITIONS = DEBUG;
				SWIFT_OPTIMIZATION_LEVEL = "-Onone";
			};
			name = Debug;
		};
		2B36306C1FF56BD9002469E5 /* Release */ = {
			isa = XCBuildConfiguration;
			buildSettings = {
				ALWAYS_SEARCH_USER_PATHS = NO;
				CLANG_ANALYZER_NONNULL = YES;
				CLANG_ANALYZER_NUMBER_OBJECT_CONVERSION = YES_AGGRESSIVE;
				CLANG_CXX_LANGUAGE_STANDARD = "gnu++14";
				CLANG_CXX_LIBRARY = "libc++";
				CLANG_ENABLE_MODULES = YES;
				CLANG_ENABLE_OBJC_ARC = YES;
				CLANG_WARN_BLOCK_CAPTURE_AUTORELEASING = YES;
				CLANG_WARN_BOOL_CONVERSION = YES;
				CLANG_WARN_COMMA = YES;
				CLANG_WARN_CONSTANT_CONVERSION = YES;
				CLANG_WARN_DEPRECATED_OBJC_IMPLEMENTATIONS = YES;
				CLANG_WARN_DIRECT_OBJC_ISA_USAGE = YES_ERROR;
				CLANG_WARN_DOCUMENTATION_COMMENTS = YES;
				CLANG_WARN_EMPTY_BODY = YES;
				CLANG_WARN_ENUM_CONVERSION = YES;
				CLANG_WARN_INFINITE_RECURSION = YES;
				CLANG_WARN_INT_CONVERSION = YES;
				CLANG_WARN_NON_LITERAL_NULL_CONVERSION = YES;
				CLANG_WARN_OBJC_IMPLICIT_RETAIN_SELF = YES;
				CLANG_WARN_OBJC_LITERAL_CONVERSION = YES;
				CLANG_WARN_OBJC_ROOT_CLASS = YES_ERROR;
				CLANG_WARN_RANGE_LOOP_ANALYSIS = YES;
				CLANG_WARN_STRICT_PROTOTYPES = YES;
				CLANG_WARN_SUSPICIOUS_MOVE = YES;
				CLANG_WARN_UNGUARDED_AVAILABILITY = YES_AGGRESSIVE;
				CLANG_WARN_UNREACHABLE_CODE = YES;
				CLANG_WARN__DUPLICATE_METHOD_MATCH = YES;
				CODE_SIGN_IDENTITY = "iPhone Developer";
				COPY_PHASE_STRIP = NO;
				DEBUG_INFORMATION_FORMAT = "dwarf-with-dsym";
				ENABLE_NS_ASSERTIONS = NO;
				ENABLE_STRICT_OBJC_MSGSEND = YES;
				GCC_C_LANGUAGE_STANDARD = gnu11;
				GCC_NO_COMMON_BLOCKS = YES;
				GCC_WARN_64_TO_32_BIT_CONVERSION = YES;
				GCC_WARN_ABOUT_RETURN_TYPE = YES_ERROR;
				GCC_WARN_UNDECLARED_SELECTOR = YES;
				GCC_WARN_UNINITIALIZED_AUTOS = YES_AGGRESSIVE;
				GCC_WARN_UNUSED_FUNCTION = YES;
				GCC_WARN_UNUSED_VARIABLE = YES;
				IPHONEOS_DEPLOYMENT_TARGET = 11.4;
				MTL_ENABLE_DEBUG_INFO = NO;
				SDKROOT = iphoneos;
				SWIFT_OPTIMIZATION_LEVEL = "-Owholemodule";
				VALIDATE_PRODUCT = YES;
			};
			name = Release;
		};
		2B36306E1FF56BD9002469E5 /* Debug */ = {
			isa = XCBuildConfiguration;
			baseConfigurationReference = 0C168D5313CD165C58402880 /* Pods-AuthenticiOS.debug.xcconfig */;
			buildSettings = {
				ASSETCATALOG_COMPILER_APPICON_NAME = AppIcon;
				CODE_SIGN_ENTITLEMENTS = AuthenticiOS/AuthenticiOS.entitlements;
				CODE_SIGN_IDENTITY = "iPhone Developer";
				CODE_SIGN_STYLE = Automatic;
				DEBUG_INFORMATION_FORMAT = "dwarf-with-dsym";
				DEVELOPMENT_TEAM = L586WSJPG7;
				INFOPLIST_FILE = AuthenticiOS/Info.plist;
				IPHONEOS_DEPLOYMENT_TARGET = 11.0;
				LD_RUNPATH_SEARCH_PATHS = "$(inherited) @executable_path/Frameworks";
				PRODUCT_BUNDLE_IDENTIFIER = church.authenticcity.app.ios;
				PRODUCT_NAME = "$(TARGET_NAME)";
				PROVISIONING_PROFILE_SPECIFIER = "";
				SWIFT_OPTIMIZATION_LEVEL = "-Onone";
				SWIFT_VERSION = 4.0;
				TARGETED_DEVICE_FAMILY = "1,2";
			};
			name = Debug;
		};
		2B36306F1FF56BD9002469E5 /* Release */ = {
			isa = XCBuildConfiguration;
			baseConfigurationReference = 11F6289D97D1BDCAD109DD5C /* Pods-AuthenticiOS.release.xcconfig */;
			buildSettings = {
				ASSETCATALOG_COMPILER_APPICON_NAME = AppIcon;
				CODE_SIGN_ENTITLEMENTS = AuthenticiOS/AuthenticiOS.entitlements;
				CODE_SIGN_IDENTITY = "iPhone Developer";
				CODE_SIGN_STYLE = Automatic;
				DEVELOPMENT_TEAM = L586WSJPG7;
				INFOPLIST_FILE = AuthenticiOS/Info.plist;
				IPHONEOS_DEPLOYMENT_TARGET = 11.0;
				LD_RUNPATH_SEARCH_PATHS = "$(inherited) @executable_path/Frameworks";
				PRODUCT_BUNDLE_IDENTIFIER = church.authenticcity.app.ios;
				PRODUCT_NAME = "$(TARGET_NAME)";
				PROVISIONING_PROFILE_SPECIFIER = "";
				SWIFT_VERSION = 4.0;
				TARGETED_DEVICE_FAMILY = "1,2";
			};
			name = Release;
		};
/* End XCBuildConfiguration section */

/* Begin XCConfigurationList section */
		2B3630561FF56BD9002469E5 /* Build configuration list for PBXProject "AuthenticiOS" */ = {
			isa = XCConfigurationList;
			buildConfigurations = (
				2B36306B1FF56BD9002469E5 /* Debug */,
				2B36306C1FF56BD9002469E5 /* Release */,
			);
			defaultConfigurationIsVisible = 0;
			defaultConfigurationName = Release;
		};
		2B36306D1FF56BD9002469E5 /* Build configuration list for PBXNativeTarget "AuthenticiOS" */ = {
			isa = XCConfigurationList;
			buildConfigurations = (
				2B36306E1FF56BD9002469E5 /* Debug */,
				2B36306F1FF56BD9002469E5 /* Release */,
			);
			defaultConfigurationIsVisible = 0;
			defaultConfigurationName = Release;
		};
/* End XCConfigurationList section */
	};
	rootObject = 2B3630531FF56BD9002469E5 /* Project object */;
}
